
Microsoft Visual Studio Solution File, Format Version 12.00
# Visual Studio Version 17
VisualStudioVersion = 17.8.34004.107
MinimumVisualStudioVersion = 10.0.40219.1
Project("{9A19103F-16F7-4668-BE54-9A1E7A4F7556}") = "ChaosRecipeEnhancer.API", "src\API\ChaosRecipeEnhancer.API\ChaosRecipeEnhancer.API.csproj", "{F5A23163-BF13-4562-90FE-321810610DE6}"
EndProject
Project("{9A19103F-16F7-4668-BE54-9A1E7A4F7556}") = "ChaosRecipeEnhancer.API.Infra", "src\Infra\ChaosRecipeEnhancer.API.Infra\ChaosRecipeEnhancer.API.Infra.csproj", "{70345408-99D4-4015-BDD8-D85CEEA7F27E}"
EndProject
Global
	GlobalSection(SolutionConfigurationPlatforms) = preSolution
		Debug|Any CPU = Debug|Any CPU
		Release|Any CPU = Release|Any CPU
	EndGlobalSection
	GlobalSection(ProjectConfigurationPlatforms) = postSolution
		{F5A23163-BF13-4562-90FE-321810610DE6}.Debug|Any CPU.ActiveCfg = Debug|Any CPU
		{F5A23163-BF13-4562-90FE-321810610DE6}.Debug|Any CPU.Build.0 = Debug|Any CPU
		{F5A23163-BF13-4562-90FE-321810610DE6}.Release|Any CPU.ActiveCfg = Release|Any CPU
		{F5A23163-BF13-4562-90FE-321810610DE6}.Release|Any CPU.Build.0 = Release|Any CPU
		{70345408-99D4-4015-BDD8-D85CEEA7F27E}.Debug|Any CPU.ActiveCfg = Debug|Any CPU
		{70345408-99D4-4015-BDD8-D85CEEA7F27E}.Debug|Any CPU.Build.0 = Debug|Any CPU
		{70345408-99D4-4015-BDD8-D85CEEA7F27E}.Release|Any CPU.ActiveCfg = Release|Any CPU
		{70345408-99D4-4015-BDD8-D85CEEA7F27E}.Release|Any CPU.Build.0 = Release|Any CPU
	EndGlobalSection
	GlobalSection(SolutionProperties) = preSolution
		HideSolutionNode = FALSE
	EndGlobalSection
	GlobalSection(ExtensibilityGlobals) = postSolution
		SolutionGuid = {C4BC91E9-1DD0-4D3D-BEC0-1E0C521A1831}
	EndGlobalSection
EndGlobal
