
Microsoft Visual Studio Solution File, Format Version 12.00
# Visual Studio Version 17
VisualStudioVersion = 17.0.32112.339
MinimumVisualStudioVersion = 10.0.40219.1
Project("{2150E333-8FDC-42A3-9474-1A3956D46DE8}") = "Solution Files", "Solution Files", "{3F725230-9387-4E9F-A9F1-25CAF4F0CE65}"
	ProjectSection(SolutionItems) = preProject
		.gitattributes = .gitattributes
		.gitignore = .gitignore
		CHANGELOG.md = CHANGELOG.md
		CONTRIBUTING.md = CONTRIBUTING.md
		LICENSE.md = LICENSE.md
		README.md = README.md
	EndProjectSection
EndProject
Project("{2150E333-8FDC-42A3-9474-1A3956D46DE8}") = "App", "App", "{D0570BFD-2E26-406A-B4D3-3A4BB586F58F}"
EndProject
Project("{9A19103F-16F7-4668-BE54-9A1E7A4F7556}") = "ChaosRecipeEnhancer.UI", "src\App\ChaosRecipeEnhancer.UI\ChaosRecipeEnhancer.UI.csproj", "{8ED4F3DC-4C9C-4274-B28F-64F1A5932BBD}"
EndProject
Project("{9A19103F-16F7-4668-BE54-9A1E7A4F7556}") = "ChaosRecipeEnhancer.UI.Tests", "src\App\ChaosRecipeEnhancer.UI.Tests\ChaosRecipeEnhancer.UI.Tests.csproj", "{737165FB-5331-417D-8CEA-4FBAB00EE456}"
EndProject
Project("{54435603-DBB4-11D2-8724-00A0C9A8B90C}") = "ChaosRecipeEnhancer.UI.Setup", "src\App\ChaosRecipeEnhancer.UI.Setup\ChaosRecipeEnhancer.UI.Setup.vdproj", "{55244C58-E07A-419B-87D2-62455FED6420}"
EndProject
Project("{2150E333-8FDC-42A3-9474-1A3956D46DE8}") = "Backend", "Backend", "{155F32F9-BB7B-44E4-A1F0-02E1BFFA4FF6}"
	ProjectSection(SolutionItems) = preProject
		src\Backend\README.md = src\Backend\README.md
	EndProjectSection
EndProject
Project("{9092AA53-FB77-4645-B42D-1CCCA6BD08BD}") = "ChaosRecipeEnhancer.Backend.RedirectionHandler", "src\Backend\ChaosRecipeEnhancer.Backend.RedirectionHandler\ChaosRecipeEnhancer.Backend.RedirectionHandler.njsproj", "{93A99353-34B5-47FA-87C9-63D274E18909}"
EndProject
Project("{9092AA53-FB77-4645-B42D-1CCCA6BD08BD}") = "ChaosRecipeEnhancer.Backend.TokenRetreivalHandler", "src\Backend\ChaosRecipeEnhancer.Backend.TokenRetreivalHandler\ChaosRecipeEnhancer.Backend.TokenRetreivalHandler.njsproj", "{E6E017CD-C6CD-42BD-88B7-E1D8281C84C2}"
EndProject
Project("{9A19103F-16F7-4668-BE54-9A1E7A4F7556}") = "ChaosRecipeEnhancer.Backend.TestApp", "src\Backend\ChaosRecipeEnhancer.Backend.TestApp\ChaosRecipeEnhancer.Backend.TestApp.csproj", "{0F190037-817B-4923-BC5F-B69EE58A8FEC}"
EndProject
Global
	GlobalSection(SolutionConfigurationPlatforms) = preSolution
		Debug|Any CPU = Debug|Any CPU
		Debug|x86 = Debug|x86
		Release|Any CPU = Release|Any CPU
		Release|x86 = Release|x86
	EndGlobalSection
	GlobalSection(ProjectConfigurationPlatforms) = postSolution
		{8ED4F3DC-4C9C-4274-B28F-64F1A5932BBD}.Debug|Any CPU.ActiveCfg = Debug|Any CPU
		{8ED4F3DC-4C9C-4274-B28F-64F1A5932BBD}.Debug|Any CPU.Build.0 = Debug|Any CPU
		{8ED4F3DC-4C9C-4274-B28F-64F1A5932BBD}.Debug|x86.ActiveCfg = Debug|Any CPU
		{8ED4F3DC-4C9C-4274-B28F-64F1A5932BBD}.Debug|x86.Build.0 = Debug|Any CPU
		{8ED4F3DC-4C9C-4274-B28F-64F1A5932BBD}.Release|Any CPU.ActiveCfg = Release|Any CPU
		{8ED4F3DC-4C9C-4274-B28F-64F1A5932BBD}.Release|Any CPU.Build.0 = Release|Any CPU
		{8ED4F3DC-4C9C-4274-B28F-64F1A5932BBD}.Release|x86.ActiveCfg = Release|Any CPU
		{8ED4F3DC-4C9C-4274-B28F-64F1A5932BBD}.Release|x86.Build.0 = Release|Any CPU
		{737165FB-5331-417D-8CEA-4FBAB00EE456}.Debug|Any CPU.ActiveCfg = Debug|Any CPU
		{737165FB-5331-417D-8CEA-4FBAB00EE456}.Debug|Any CPU.Build.0 = Debug|Any CPU
		{737165FB-5331-417D-8CEA-4FBAB00EE456}.Debug|x86.ActiveCfg = Debug|Any CPU
		{737165FB-5331-417D-8CEA-4FBAB00EE456}.Debug|x86.Build.0 = Debug|Any CPU
		{737165FB-5331-417D-8CEA-4FBAB00EE456}.Release|Any CPU.ActiveCfg = Release|Any CPU
		{737165FB-5331-417D-8CEA-4FBAB00EE456}.Release|Any CPU.Build.0 = Release|Any CPU
		{737165FB-5331-417D-8CEA-4FBAB00EE456}.Release|x86.ActiveCfg = Release|Any CPU
		{737165FB-5331-417D-8CEA-4FBAB00EE456}.Release|x86.Build.0 = Release|Any CPU
		{55244C58-E07A-419B-87D2-62455FED6420}.Debug|Any CPU.ActiveCfg = Debug
		{55244C58-E07A-419B-87D2-62455FED6420}.Debug|x86.ActiveCfg = Debug
		{55244C58-E07A-419B-87D2-62455FED6420}.Release|Any CPU.ActiveCfg = Release
		{55244C58-E07A-419B-87D2-62455FED6420}.Release|x86.ActiveCfg = Release
		{93A99353-34B5-47FA-87C9-63D274E18909}.Debug|Any CPU.ActiveCfg = Debug|Any CPU
		{93A99353-34B5-47FA-87C9-63D274E18909}.Debug|Any CPU.Build.0 = Debug|Any CPU
		{93A99353-34B5-47FA-87C9-63D274E18909}.Debug|x86.ActiveCfg = Debug|Any CPU
		{93A99353-34B5-47FA-87C9-63D274E18909}.Debug|x86.Build.0 = Debug|Any CPU
		{93A99353-34B5-47FA-87C9-63D274E18909}.Release|Any CPU.ActiveCfg = Release|Any CPU
		{93A99353-34B5-47FA-87C9-63D274E18909}.Release|Any CPU.Build.0 = Release|Any CPU
		{93A99353-34B5-47FA-87C9-63D274E18909}.Release|x86.ActiveCfg = Release|Any CPU
		{93A99353-34B5-47FA-87C9-63D274E18909}.Release|x86.Build.0 = Release|Any CPU
		{E6E017CD-C6CD-42BD-88B7-E1D8281C84C2}.Debug|Any CPU.ActiveCfg = Debug|Any CPU
		{E6E017CD-C6CD-42BD-88B7-E1D8281C84C2}.Debug|Any CPU.Build.0 = Debug|Any CPU
		{E6E017CD-C6CD-42BD-88B7-E1D8281C84C2}.Debug|x86.ActiveCfg = Debug|Any CPU
		{E6E017CD-C6CD-42BD-88B7-E1D8281C84C2}.Debug|x86.Build.0 = Debug|Any CPU
		{E6E017CD-C6CD-42BD-88B7-E1D8281C84C2}.Release|Any CPU.ActiveCfg = Release|Any CPU
		{E6E017CD-C6CD-42BD-88B7-E1D8281C84C2}.Release|Any CPU.Build.0 = Release|Any CPU
		{E6E017CD-C6CD-42BD-88B7-E1D8281C84C2}.Release|x86.ActiveCfg = Release|Any CPU
		{E6E017CD-C6CD-42BD-88B7-E1D8281C84C2}.Release|x86.Build.0 = Release|Any CPU
		{0F190037-817B-4923-BC5F-B69EE58A8FEC}.Debug|Any CPU.ActiveCfg = Debug|Any CPU
		{0F190037-817B-4923-BC5F-B69EE58A8FEC}.Debug|Any CPU.Build.0 = Debug|Any CPU
		{0F190037-817B-4923-BC5F-B69EE58A8FEC}.Debug|x86.ActiveCfg = Debug|Any CPU
		{0F190037-817B-4923-BC5F-B69EE58A8FEC}.Debug|x86.Build.0 = Debug|Any CPU
		{0F190037-817B-4923-BC5F-B69EE58A8FEC}.Release|Any CPU.ActiveCfg = Release|Any CPU
		{0F190037-817B-4923-BC5F-B69EE58A8FEC}.Release|Any CPU.Build.0 = Release|Any CPU
		{0F190037-817B-4923-BC5F-B69EE58A8FEC}.Release|x86.ActiveCfg = Release|Any CPU
		{0F190037-817B-4923-BC5F-B69EE58A8FEC}.Release|x86.Build.0 = Release|Any CPU
	EndGlobalSection
	GlobalSection(SolutionProperties) = preSolution
		HideSolutionNode = FALSE
	EndGlobalSection
	GlobalSection(NestedProjects) = preSolution
		{8ED4F3DC-4C9C-4274-B28F-64F1A5932BBD} = {D0570BFD-2E26-406A-B4D3-3A4BB586F58F}
		{737165FB-5331-417D-8CEA-4FBAB00EE456} = {D0570BFD-2E26-406A-B4D3-3A4BB586F58F}
		{55244C58-E07A-419B-87D2-62455FED6420} = {D0570BFD-2E26-406A-B4D3-3A4BB586F58F}
		{93A99353-34B5-47FA-87C9-63D274E18909} = {155F32F9-BB7B-44E4-A1F0-02E1BFFA4FF6}
		{E6E017CD-C6CD-42BD-88B7-E1D8281C84C2} = {155F32F9-BB7B-44E4-A1F0-02E1BFFA4FF6}
		{0F190037-817B-4923-BC5F-B69EE58A8FEC} = {155F32F9-BB7B-44E4-A1F0-02E1BFFA4FF6}
	EndGlobalSection
	GlobalSection(ExtensibilityGlobals) = postSolution
		SolutionGuid = {0905651D-961B-49A6-A01C-BCE619FCA744}
	EndGlobalSection
EndGlobal
