
Microsoft Visual Studio Solution File, Format Version 12.00
# Visual Studio Version 17
VisualStudioVersion = 17.0.32112.339
MinimumVisualStudioVersion = 10.0.40219.1
Project("{2150E333-8FDC-42A3-9474-1A3956D46DE8}") = "Solution Files", "Solution Files", "{3F725230-9387-4E9F-A9F1-25CAF4F0CE65}"
	ProjectSection(SolutionItems) = preProject
		.gitattributes = .gitattributes
		.gitignore = .gitignore
		CHANGELOG.md = CHANGELOG.md
		LICENSE.md = LICENSE.md
		README.md = README.md
	EndProjectSection
EndProject
Project("{9A19103F-16F7-4668-BE54-9A1E7A4F7556}") = "ChaosRecipeEnhancer.API", "src\API\ChaosRecipeEnhancer.API\ChaosRecipeEnhancer.API.csproj", "{8CE0A37C-8172-49A4-AF5C-B38BB18C81D2}"
EndProject
Project("{9A19103F-16F7-4668-BE54-9A1E7A4F7556}") = "ChaosRecipeEnhancer.API.Infra", "src\Infra\ChaosRecipeEnhancer.API.Infra\ChaosRecipeEnhancer.API.Infra.csproj", "{18FE9661-40E2-40C5-920D-C3DB4D5985D0}"
EndProject
Project("{2150E333-8FDC-42A3-9474-1A3956D46DE8}") = "Scripts", "Scripts", "{608E73C1-84E5-4127-9F69-19E6A5FDE7FD}"
	ProjectSection(SolutionItems) = preProject
		scripts\setup-env-variables.ps1 = scripts\setup-env-variables.ps1
	EndProjectSection
EndProject
Project("{2150E333-8FDC-42A3-9474-1A3956D46DE8}") = "API", "API", "{63319BD6-8E7D-47BB-8397-7F62C713F608}"
	ProjectSection(SolutionItems) = preProject
		scripts\api\build.ps1 = scripts\api\build.ps1
	EndProjectSection
EndProject
Project("{2150E333-8FDC-42A3-9474-1A3956D46DE8}") = "Infra", "Infra", "{04178D70-CCAB-460E-B2B5-A1B939D450CC}"
	ProjectSection(SolutionItems) = preProject
		scripts\infra\deploy.ps1 = scripts\infra\deploy.ps1
		scripts\infra\synth.ps1 = scripts\infra\synth.ps1
	EndProjectSection
EndProject
Project("{9A19103F-16F7-4668-BE54-9A1E7A4F7556}") = "ChaosRecipeEnhancer.UI", "src\App\ChaosRecipeEnhancer.UI\ChaosRecipeEnhancer.UI.csproj", "{8ED4F3DC-4C9C-4274-B28F-64F1A5932BBD}"
EndProject
Project("{54435603-DBB4-11D2-8724-00A0C9A8B90C}") = "ChaosRecipeEnhancer.Setup", "src\App\ChaosRecipeEnhancer.Setup\ChaosRecipeEnhancer.Setup.vdproj", "{390AD3D8-8FA0-447F-9799-DC3C670198FB}"
EndProject
Global
	GlobalSection(SolutionConfigurationPlatforms) = preSolution
		Debug|Any CPU = Debug|Any CPU
		Debug|x86 = Debug|x86
		Release|Any CPU = Release|Any CPU
		Release|x86 = Release|x86
	EndGlobalSection
	GlobalSection(ProjectConfigurationPlatforms) = postSolution
		{8CE0A37C-8172-49A4-AF5C-B38BB18C81D2}.Debug|Any CPU.ActiveCfg = Debug|Any CPU
		{8CE0A37C-8172-49A4-AF5C-B38BB18C81D2}.Debug|Any CPU.Build.0 = Debug|Any CPU
		{8CE0A37C-8172-49A4-AF5C-B38BB18C81D2}.Debug|x86.ActiveCfg = Debug|Any CPU
		{8CE0A37C-8172-49A4-AF5C-B38BB18C81D2}.Debug|x86.Build.0 = Debug|Any CPU
		{8CE0A37C-8172-49A4-AF5C-B38BB18C81D2}.Release|Any CPU.ActiveCfg = Release|Any CPU
		{8CE0A37C-8172-49A4-AF5C-B38BB18C81D2}.Release|Any CPU.Build.0 = Release|Any CPU
		{8CE0A37C-8172-49A4-AF5C-B38BB18C81D2}.Release|x86.ActiveCfg = Release|Any CPU
		{8CE0A37C-8172-49A4-AF5C-B38BB18C81D2}.Release|x86.Build.0 = Release|Any CPU
		{18FE9661-40E2-40C5-920D-C3DB4D5985D0}.Debug|Any CPU.ActiveCfg = Debug|Any CPU
		{18FE9661-40E2-40C5-920D-C3DB4D5985D0}.Debug|Any CPU.Build.0 = Debug|Any CPU
		{18FE9661-40E2-40C5-920D-C3DB4D5985D0}.Debug|x86.ActiveCfg = Debug|Any CPU
		{18FE9661-40E2-40C5-920D-C3DB4D5985D0}.Debug|x86.Build.0 = Debug|Any CPU
		{18FE9661-40E2-40C5-920D-C3DB4D5985D0}.Release|Any CPU.ActiveCfg = Release|Any CPU
		{18FE9661-40E2-40C5-920D-C3DB4D5985D0}.Release|Any CPU.Build.0 = Release|Any CPU
		{18FE9661-40E2-40C5-920D-C3DB4D5985D0}.Release|x86.ActiveCfg = Release|Any CPU
		{18FE9661-40E2-40C5-920D-C3DB4D5985D0}.Release|x86.Build.0 = Release|Any CPU
		{8ED4F3DC-4C9C-4274-B28F-64F1A5932BBD}.Debug|Any CPU.ActiveCfg = Debug|Any CPU
		{8ED4F3DC-4C9C-4274-B28F-64F1A5932BBD}.Debug|Any CPU.Build.0 = Debug|Any CPU
		{8ED4F3DC-4C9C-4274-B28F-64F1A5932BBD}.Debug|x86.ActiveCfg = Debug|Any CPU
		{8ED4F3DC-4C9C-4274-B28F-64F1A5932BBD}.Debug|x86.Build.0 = Debug|Any CPU
		{8ED4F3DC-4C9C-4274-B28F-64F1A5932BBD}.Release|Any CPU.ActiveCfg = Release|Any CPU
		{8ED4F3DC-4C9C-4274-B28F-64F1A5932BBD}.Release|Any CPU.Build.0 = Release|Any CPU
		{8ED4F3DC-4C9C-4274-B28F-64F1A5932BBD}.Release|x86.ActiveCfg = Release|Any CPU
		{8ED4F3DC-4C9C-4274-B28F-64F1A5932BBD}.Release|x86.Build.0 = Release|Any CPU
		{390AD3D8-8FA0-447F-9799-DC3C670198FB}.Debug|Any CPU.ActiveCfg = Debug
		{390AD3D8-8FA0-447F-9799-DC3C670198FB}.Debug|Any CPU.Build.0 = Debug
		{390AD3D8-8FA0-447F-9799-DC3C670198FB}.Debug|x86.ActiveCfg = Debug
		{390AD3D8-8FA0-447F-9799-DC3C670198FB}.Debug|x86.Build.0 = Debug
		{390AD3D8-8FA0-447F-9799-DC3C670198FB}.Release|Any CPU.ActiveCfg = Release
		{390AD3D8-8FA0-447F-9799-DC3C670198FB}.Release|Any CPU.Build.0 = Release
		{390AD3D8-8FA0-447F-9799-DC3C670198FB}.Release|x86.ActiveCfg = Release
		{390AD3D8-8FA0-447F-9799-DC3C670198FB}.Release|x86.Build.0 = Release
	EndGlobalSection
	GlobalSection(SolutionProperties) = preSolution
		HideSolutionNode = FALSE
	EndGlobalSection
	GlobalSection(NestedProjects) = preSolution
		{63319BD6-8E7D-47BB-8397-7F62C713F608} = {608E73C1-84E5-4127-9F69-19E6A5FDE7FD}
		{04178D70-CCAB-460E-B2B5-A1B939D450CC} = {608E73C1-84E5-4127-9F69-19E6A5FDE7FD}
	EndGlobalSection
	GlobalSection(ExtensibilityGlobals) = postSolution
		SolutionGuid = {0905651D-961B-49A6-A01C-BCE619FCA744}
	EndGlobalSection
EndGlobal
