
Microsoft Visual Studio Solution File, Format Version 12.00
# Visual Studio Version 16
VisualStudioVersion = 16.0.30611.23
MinimumVisualStudioVersion = 10.0.40219.1
Project("{FAE04EC0-301F-11D3-BF4B-00C04F79EFBC}") = "EnhancePoE", "EnhancePoE\EnhancePoE.csproj", "{31C6C5C3-CCF5-44C7-A566-2AF9DE4EE388}"
EndProject
Project("{54435603-DBB4-11D2-8724-00A0C9A8B90C}") = "EnhancePoESetup", "EnhancePoESetup\EnhancePoESetup.vdproj", "{9BC8DED0-6CF7-46CF-9CAB-ED25C4D34B27}"
EndProject
Global
	GlobalSection(SolutionConfigurationPlatforms) = preSolution
		Debug|Any CPU = Debug|Any CPU
		Debug|ARM = Debug|ARM
		Debug|ARM64 = Debug|ARM64
		Debug|x64 = Debug|x64
		Debug|x86 = Debug|x86
		Release|Any CPU = Release|Any CPU
		Release|ARM = Release|ARM
		Release|ARM64 = Release|ARM64
		Release|x64 = Release|x64
		Release|x86 = Release|x86
	EndGlobalSection
	GlobalSection(ProjectConfigurationPlatforms) = postSolution
		{31C6C5C3-CCF5-44C7-A566-2AF9DE4EE388}.Debug|Any CPU.ActiveCfg = Debug|Any CPU
		{31C6C5C3-CCF5-44C7-A566-2AF9DE4EE388}.Debug|Any CPU.Build.0 = Debug|Any CPU
		{31C6C5C3-CCF5-44C7-A566-2AF9DE4EE388}.Debug|ARM.ActiveCfg = Debug|Any CPU
		{31C6C5C3-CCF5-44C7-A566-2AF9DE4EE388}.Debug|ARM.Build.0 = Debug|Any CPU
		{31C6C5C3-CCF5-44C7-A566-2AF9DE4EE388}.Debug|ARM64.ActiveCfg = Debug|Any CPU
		{31C6C5C3-CCF5-44C7-A566-2AF9DE4EE388}.Debug|ARM64.Build.0 = Debug|Any CPU
		{31C6C5C3-CCF5-44C7-A566-2AF9DE4EE388}.Debug|x64.ActiveCfg = Debug|Any CPU
		{31C6C5C3-CCF5-44C7-A566-2AF9DE4EE388}.Debug|x64.Build.0 = Debug|Any CPU
		{31C6C5C3-CCF5-44C7-A566-2AF9DE4EE388}.Debug|x86.ActiveCfg = Debug|Any CPU
		{31C6C5C3-CCF5-44C7-A566-2AF9DE4EE388}.Debug|x86.Build.0 = Debug|Any CPU
		{31C6C5C3-CCF5-44C7-A566-2AF9DE4EE388}.Release|Any CPU.ActiveCfg = Release|Any CPU
		{31C6C5C3-CCF5-44C7-A566-2AF9DE4EE388}.Release|Any CPU.Build.0 = Release|Any CPU
		{31C6C5C3-CCF5-44C7-A566-2AF9DE4EE388}.Release|ARM.ActiveCfg = Release|Any CPU
		{31C6C5C3-CCF5-44C7-A566-2AF9DE4EE388}.Release|ARM.Build.0 = Release|Any CPU
		{31C6C5C3-CCF5-44C7-A566-2AF9DE4EE388}.Release|ARM64.ActiveCfg = Release|Any CPU
		{31C6C5C3-CCF5-44C7-A566-2AF9DE4EE388}.Release|ARM64.Build.0 = Release|Any CPU
		{31C6C5C3-CCF5-44C7-A566-2AF9DE4EE388}.Release|x64.ActiveCfg = Release|Any CPU
		{31C6C5C3-CCF5-44C7-A566-2AF9DE4EE388}.Release|x64.Build.0 = Release|Any CPU
		{31C6C5C3-CCF5-44C7-A566-2AF9DE4EE388}.Release|x86.ActiveCfg = Release|Any CPU
		{31C6C5C3-CCF5-44C7-A566-2AF9DE4EE388}.Release|x86.Build.0 = Release|Any CPU
		{9BC8DED0-6CF7-46CF-9CAB-ED25C4D34B27}.Debug|Any CPU.ActiveCfg = Debug
		{9BC8DED0-6CF7-46CF-9CAB-ED25C4D34B27}.Debug|ARM.ActiveCfg = Debug
		{9BC8DED0-6CF7-46CF-9CAB-ED25C4D34B27}.Debug|ARM64.ActiveCfg = Debug
		{9BC8DED0-6CF7-46CF-9CAB-ED25C4D34B27}.Debug|x64.ActiveCfg = Debug
		{9BC8DED0-6CF7-46CF-9CAB-ED25C4D34B27}.Debug|x86.ActiveCfg = Debug
		{9BC8DED0-6CF7-46CF-9CAB-ED25C4D34B27}.Release|Any CPU.ActiveCfg = Release
		{9BC8DED0-6CF7-46CF-9CAB-ED25C4D34B27}.Release|ARM.ActiveCfg = Release
		{9BC8DED0-6CF7-46CF-9CAB-ED25C4D34B27}.Release|ARM64.ActiveCfg = Release
		{9BC8DED0-6CF7-46CF-9CAB-ED25C4D34B27}.Release|x64.ActiveCfg = Release
		{9BC8DED0-6CF7-46CF-9CAB-ED25C4D34B27}.Release|x86.ActiveCfg = Release
	EndGlobalSection
	GlobalSection(SolutionProperties) = preSolution
		HideSolutionNode = FALSE
	EndGlobalSection
	GlobalSection(ExtensibilityGlobals) = postSolution
		SolutionGuid = {0905651D-961B-49A6-A01C-BCE619FCA744}
	EndGlobalSection
EndGlobal
