
Microsoft Visual Studio Solution File, Format Version 12.00
# Visual Studio Version 16
VisualStudioVersion = 16.0.30611.23
MinimumVisualStudioVersion = 10.0.40219.1
Project("{FAE04EC0-301F-11D3-BF4B-00C04F79EFBC}") = "EnhancePoE", "EnhancePoE\EnhancePoE.csproj", "{31C6C5C3-CCF5-44C7-A566-2AF9DE4EE388}"
EndProject
Project("{930C7802-8A8C-48F9-8165-68863BCCD9DD}") = "SetupCRE2", "SetupCRE2\SetupCRE2.wixproj", "{1E01E3D3-9A5B-4869-9762-2AC5C8122C25}"
EndProject
Global
	GlobalSection(SolutionConfigurationPlatforms) = preSolution
		Debug|Any CPU = Debug|Any CPU
		Debug|ARM = Debug|ARM
		Debug|ARM64 = Debug|ARM64
		Debug|x64 = Debug|x64
		Debug|x86 = Debug|x86
		Release|Any CPU = Release|Any CPU
		Release|ARM = Release|ARM
		Release|ARM64 = Release|ARM64
		Release|x64 = Release|x64
		Release|x86 = Release|x86
	EndGlobalSection
	GlobalSection(ProjectConfigurationPlatforms) = postSolution
		{31C6C5C3-CCF5-44C7-A566-2AF9DE4EE388}.Debug|Any CPU.ActiveCfg = Debug|Any CPU
		{31C6C5C3-CCF5-44C7-A566-2AF9DE4EE388}.Debug|Any CPU.Build.0 = Debug|Any CPU
		{31C6C5C3-CCF5-44C7-A566-2AF9DE4EE388}.Debug|ARM.ActiveCfg = Debug|Any CPU
		{31C6C5C3-CCF5-44C7-A566-2AF9DE4EE388}.Debug|ARM.Build.0 = Debug|Any CPU
		{31C6C5C3-CCF5-44C7-A566-2AF9DE4EE388}.Debug|ARM64.ActiveCfg = Debug|Any CPU
		{31C6C5C3-CCF5-44C7-A566-2AF9DE4EE388}.Debug|ARM64.Build.0 = Debug|Any CPU
		{31C6C5C3-CCF5-44C7-A566-2AF9DE4EE388}.Debug|x64.ActiveCfg = Debug|Any CPU
		{31C6C5C3-CCF5-44C7-A566-2AF9DE4EE388}.Debug|x64.Build.0 = Debug|Any CPU
		{31C6C5C3-CCF5-44C7-A566-2AF9DE4EE388}.Debug|x86.ActiveCfg = Debug|Any CPU
		{31C6C5C3-CCF5-44C7-A566-2AF9DE4EE388}.Debug|x86.Build.0 = Debug|Any CPU
		{31C6C5C3-CCF5-44C7-A566-2AF9DE4EE388}.Release|Any CPU.ActiveCfg = Release|Any CPU
		{31C6C5C3-CCF5-44C7-A566-2AF9DE4EE388}.Release|Any CPU.Build.0 = Release|Any CPU
		{31C6C5C3-CCF5-44C7-A566-2AF9DE4EE388}.Release|ARM.ActiveCfg = Release|Any CPU
		{31C6C5C3-CCF5-44C7-A566-2AF9DE4EE388}.Release|ARM.Build.0 = Release|Any CPU
		{31C6C5C3-CCF5-44C7-A566-2AF9DE4EE388}.Release|ARM64.ActiveCfg = Release|Any CPU
		{31C6C5C3-CCF5-44C7-A566-2AF9DE4EE388}.Release|ARM64.Build.0 = Release|Any CPU
		{31C6C5C3-CCF5-44C7-A566-2AF9DE4EE388}.Release|x64.ActiveCfg = Release|Any CPU
		{31C6C5C3-CCF5-44C7-A566-2AF9DE4EE388}.Release|x64.Build.0 = Release|Any CPU
		{31C6C5C3-CCF5-44C7-A566-2AF9DE4EE388}.Release|x86.ActiveCfg = Release|Any CPU
		{31C6C5C3-CCF5-44C7-A566-2AF9DE4EE388}.Release|x86.Build.0 = Release|Any CPU
		{1E01E3D3-9A5B-4869-9762-2AC5C8122C25}.Debug|Any CPU.ActiveCfg = Debug|x86
		{1E01E3D3-9A5B-4869-9762-2AC5C8122C25}.Debug|ARM.ActiveCfg = Debug|x86
		{1E01E3D3-9A5B-4869-9762-2AC5C8122C25}.Debug|ARM64.ActiveCfg = Debug|x86
		{1E01E3D3-9A5B-4869-9762-2AC5C8122C25}.Debug|x64.ActiveCfg = Debug|x86
		{1E01E3D3-9A5B-4869-9762-2AC5C8122C25}.Debug|x86.ActiveCfg = Debug|x86
		{1E01E3D3-9A5B-4869-9762-2AC5C8122C25}.Debug|x86.Build.0 = Debug|x86
		{1E01E3D3-9A5B-4869-9762-2AC5C8122C25}.Release|Any CPU.ActiveCfg = Release|x86
		{1E01E3D3-9A5B-4869-9762-2AC5C8122C25}.Release|ARM.ActiveCfg = Release|x86
		{1E01E3D3-9A5B-4869-9762-2AC5C8122C25}.Release|ARM64.ActiveCfg = Release|x86
		{1E01E3D3-9A5B-4869-9762-2AC5C8122C25}.Release|x64.ActiveCfg = Release|x86
		{1E01E3D3-9A5B-4869-9762-2AC5C8122C25}.Release|x86.ActiveCfg = Release|x86
		{1E01E3D3-9A5B-4869-9762-2AC5C8122C25}.Release|x86.Build.0 = Release|x86
	EndGlobalSection
	GlobalSection(SolutionProperties) = preSolution
		HideSolutionNode = FALSE
	EndGlobalSection
	GlobalSection(ExtensibilityGlobals) = postSolution
		SolutionGuid = {0905651D-961B-49A6-A01C-BCE619FCA744}
	EndGlobalSection
EndGlobal
